
Microsoft Visual Studio Solution File, Format Version 12.00
# Visual Studio 14
VisualStudioVersion = 14.0.23107.0
MinimumVisualStudioVersion = 10.0.40219.1
Project("{FAE04EC0-301F-11D3-BF4B-00C04F79EFBC}") = "RdfstoreNet", "RdfstoreNet\RdfstoreNet.csproj", "{770FB642-E60D-4B51-8BE2-EF43B7B58D26}"
EndProject
Project("{FAE04EC0-301F-11D3-BF4B-00C04F79EFBC}") = "RdfstoreNet.Tests", "RdfstoreNet.Tests\RdfstoreNet.Tests.csproj", "{528FB9A1-B8F7-425D-9998-514CE9E7F9A2}"
EndProject
Global
	GlobalSection(SolutionConfigurationPlatforms) = preSolution
		Debug|Any CPU = Debug|Any CPU
		Release|Any CPU = Release|Any CPU
	EndGlobalSection
	GlobalSection(ProjectConfigurationPlatforms) = postSolution
		{770FB642-E60D-4B51-8BE2-EF43B7B58D26}.Debug|Any CPU.ActiveCfg = Debug|Any CPU
		{770FB642-E60D-4B51-8BE2-EF43B7B58D26}.Debug|Any CPU.Build.0 = Debug|Any CPU
		{770FB642-E60D-4B51-8BE2-EF43B7B58D26}.Release|Any CPU.ActiveCfg = Release|Any CPU
		{770FB642-E60D-4B51-8BE2-EF43B7B58D26}.Release|Any CPU.Build.0 = Release|Any CPU
		{528FB9A1-B8F7-425D-9998-514CE9E7F9A2}.Debug|Any CPU.ActiveCfg = Debug|Any CPU
		{528FB9A1-B8F7-425D-9998-514CE9E7F9A2}.Debug|Any CPU.Build.0 = Debug|Any CPU
		{528FB9A1-B8F7-425D-9998-514CE9E7F9A2}.Release|Any CPU.ActiveCfg = Release|Any CPU
		{528FB9A1-B8F7-425D-9998-514CE9E7F9A2}.Release|Any CPU.Build.0 = Release|Any CPU
	EndGlobalSection
	GlobalSection(SolutionProperties) = preSolution
		HideSolutionNode = FALSE
	EndGlobalSection
EndGlobal
